[root]
name = "robigo-luculenta"
version = "0.1.1"
dependencies = [
 "image 0.2.0-alpha.2 (git+https://github.com/PistonDevelopers/image.git)",
 "time 0.1.1 (git+https://github.com/rust-lang/time.git)",
]

[[package]]
name = "gcc"
version = "0.1.0"
source = "git+https://github.com/alexcrichton/gcc-rs#3caf7309ef72644cd56a9d3a6f515ae553683176"

[[package]]
name = "image"
version = "0.2.0-alpha.2"
source = "git+https://github.com/PistonDevelopers/image.git#f7d33a9bac29556eca33060aafd615a907c509f2"

[[package]]
name = "time"
version = "0.1.1"
source = "git+https://github.com/rust-lang/time.git#c22414be22894905e4692896da4d2d246a361797"
dependencies = [
 "gcc 0.1.0 (git+https://github.com/alexcrichton/gcc-rs)",
]

