[root]
name = "robigo-luculenta"
version = "0.1.1"
dependencies = [
 "image 0.2.0-alpha.7 (git+https://github.com/PistonDevelopers/image.git)",
 "time 0.1.14 (registry+https://github.com/rust-lang/crates.io-index)",
]

[[package]]
name = "gcc"
version = "0.1.6"
source = "registry+https://github.com/rust-lang/crates.io-index"

[[package]]
name = "image"
version = "0.2.0-alpha.7"
source = "git+https://github.com/PistonDevelopers/image.git#98f866aa96094412265007368eae55b89083eab9"
dependencies = [
 "num 0.1.10 (git+https://github.com/rust-lang/num)",
]

[[package]]
name = "libc"
version = "0.1.0"
source = "registry+https://github.com/rust-lang/crates.io-index"

[[package]]
name = "num"
version = "0.1.10"
source = "git+https://github.com/rust-lang/num#c05cd530dbc1cc2e56f936524400b368e07ee5cb"
dependencies = [
 "rustc-serialize 0.2.9 (registry+https://github.com/rust-lang/crates.io-index)",
]

[[package]]
name = "rustc-serialize"
version = "0.2.9"
source = "registry+https://github.com/rust-lang/crates.io-index"

[[package]]
name = "time"
version = "0.1.14"
source = "registry+https://github.com/rust-lang/crates.io-index"
dependencies = [
 "gcc 0.1.6 (registry+https://github.com/rust-lang/crates.io-index)",
 "libc 0.1.0 (registry+https://github.com/rust-lang/crates.io-index)",
]

