[root]
name = "robigo-luculenta"
version = "0.1.1"
dependencies = [
 "image 0.2.0-alpha.9 (git+https://github.com/PistonDevelopers/image.git)",
 "time 0.1.16 (registry+https://github.com/rust-lang/crates.io-index)",
]

[[package]]
name = "gcc"
version = "0.1.7"
source = "registry+https://github.com/rust-lang/crates.io-index"

[[package]]
name = "image"
version = "0.2.0-alpha.9"
source = "git+https://github.com/PistonDevelopers/image.git#b7aff0a1ad2b6b0bdc04c1a7731d502606cbafb3"
dependencies = [
 "num 0.1.12 (git+https://github.com/rust-lang/num)",
]

[[package]]
name = "libc"
version = "0.1.0"
source = "registry+https://github.com/rust-lang/crates.io-index"

[[package]]
name = "num"
version = "0.1.12"
source = "git+https://github.com/rust-lang/num#0811c72bacce6d8adc7a25be8292ba55f4118d9e"
dependencies = [
 "rustc-serialize 0.2.12 (registry+https://github.com/rust-lang/crates.io-index)",
]

[[package]]
name = "rustc-serialize"
version = "0.2.12"
source = "registry+https://github.com/rust-lang/crates.io-index"

[[package]]
name = "time"
version = "0.1.16"
source = "registry+https://github.com/rust-lang/crates.io-index"
dependencies = [
 "gcc 0.1.7 (registry+https://github.com/rust-lang/crates.io-index)",
 "libc 0.1.0 (registry+https://github.com/rust-lang/crates.io-index)",
]

